
Microsoft Visual Studio Solution File, Format Version 12.00
# Visual Studio Version 17
VisualStudioVersion = 17.14.36212.18
MinimumVisualStudioVersion = 10.0.40219.1
Project("{9A19103F-16F7-4668-BE54-9A1E7A4F7556}") = "McpHost", "McpHost\McpHost.csproj", "{4ED63546-5BEE-D287-B292-8C77AFD120FF}"
EndProject
Project("{2150E333-8FDC-42A3-9474-1A3956D46DE8}") = "01-ThickClientHost", "01-ThickClientHost", "{02EA681E-C7D8-13C7-8484-4AC65E1B71E8}"
EndProject
Project("{2150E333-8FDC-42A3-9474-1A3956D46DE8}") = "02-InProcessMCPServer", "02-InProcessMCPServer", "{1CE6F158-3B19-4ACF-8A7B-38B57B409929}"
EndProject
Project("{2150E333-8FDC-42A3-9474-1A3956D46DE8}") = "03-OtherAPI(MCP enabled)", "03-OtherAPI(MCP enabled)", "{98D7667E-4357-418F-B841-14DC22351DE0}"
EndProject
Project("{9A19103F-16F7-4668-BE54-9A1E7A4F7556}") = "McpServer.ConsoleHost", "McpServer.ConsoleHost\McpServer.ConsoleHost.csproj", "{89C686DF-C9F6-39DF-DAB1-5052455930FE}"
EndProject
Project("{9A19103F-16F7-4668-BE54-9A1E7A4F7556}") = "Services", "Services\Services.csproj", "{97207750-6972-232F-BB7B-6106666106AF}"
EndProject
Project("{9A19103F-16F7-4668-BE54-9A1E7A4F7556}") = "API", "API\API.csproj", "{DD96831B-37B4-4B5F-B9FF-458E93FEFA6D}"
EndProject
Project("{FAE04EC0-301F-11D3-BF4B-00C04F79EFBC}") = "Common", "Common\Common.csproj", "{8995FD46-78E9-4A9C-8674-274A7CD6601A}"
EndProject
Project("{FAE04EC0-301F-11D3-BF4B-00C04F79EFBC}") = "BlazorApp", "BlazorClient\BlazorApp.csproj", "{32E2D1D2-0944-5998-5DEF-385897C57074}"
EndProject
Global
	GlobalSection(SolutionConfigurationPlatforms) = preSolution
		Debug|Any CPU = Debug|Any CPU
		Release|Any CPU = Release|Any CPU
		SSE|Any CPU = SSE|Any CPU
		Stdio|Any CPU = Stdio|Any CPU
	EndGlobalSection
	GlobalSection(ProjectConfigurationPlatforms) = postSolution
		{4ED63546-5BEE-D287-B292-8C77AFD120FF}.Debug|Any CPU.ActiveCfg = Debug|Any CPU
		{4ED63546-5BEE-D287-B292-8C77AFD120FF}.Debug|Any CPU.Build.0 = Debug|Any CPU
		{4ED63546-5BEE-D287-B292-8C77AFD120FF}.Release|Any CPU.ActiveCfg = Release|Any CPU
		{4ED63546-5BEE-D287-B292-8C77AFD120FF}.Release|Any CPU.Build.0 = Release|Any CPU
		{4ED63546-5BEE-D287-B292-8C77AFD120FF}.SSE|Any CPU.ActiveCfg = SSE|Any CPU
		{4ED63546-5BEE-D287-B292-8C77AFD120FF}.SSE|Any CPU.Build.0 = SSE|Any CPU
		{4ED63546-5BEE-D287-B292-8C77AFD120FF}.Stdio|Any CPU.ActiveCfg = Stdio|Any CPU
		{4ED63546-5BEE-D287-B292-8C77AFD120FF}.Stdio|Any CPU.Build.0 = Stdio|Any CPU
		{89C686DF-C9F6-39DF-DAB1-5052455930FE}.Debug|Any CPU.ActiveCfg = Debug|Any CPU
		{89C686DF-C9F6-39DF-DAB1-5052455930FE}.Debug|Any CPU.Build.0 = Debug|Any CPU
		{89C686DF-C9F6-39DF-DAB1-5052455930FE}.Release|Any CPU.ActiveCfg = Release|Any CPU
		{89C686DF-C9F6-39DF-DAB1-5052455930FE}.Release|Any CPU.Build.0 = Release|Any CPU
		{89C686DF-C9F6-39DF-DAB1-5052455930FE}.SSE|Any CPU.ActiveCfg = SSE|Any CPU
		{89C686DF-C9F6-39DF-DAB1-5052455930FE}.SSE|Any CPU.Build.0 = SSE|Any CPU
		{89C686DF-C9F6-39DF-DAB1-5052455930FE}.Stdio|Any CPU.ActiveCfg = Stdio|Any CPU
		{89C686DF-C9F6-39DF-DAB1-5052455930FE}.Stdio|Any CPU.Build.0 = Stdio|Any CPU
		{97207750-6972-232F-BB7B-6106666106AF}.Debug|Any CPU.ActiveCfg = Debug|Any CPU
		{97207750-6972-232F-BB7B-6106666106AF}.Debug|Any CPU.Build.0 = Debug|Any CPU
		{97207750-6972-232F-BB7B-6106666106AF}.Release|Any CPU.ActiveCfg = Release|Any CPU
		{97207750-6972-232F-BB7B-6106666106AF}.Release|Any CPU.Build.0 = Release|Any CPU
		{97207750-6972-232F-BB7B-6106666106AF}.SSE|Any CPU.ActiveCfg = SSE|Any CPU
		{97207750-6972-232F-BB7B-6106666106AF}.SSE|Any CPU.Build.0 = SSE|Any CPU
		{97207750-6972-232F-BB7B-6106666106AF}.Stdio|Any CPU.ActiveCfg = Stdio|Any CPU
		{97207750-6972-232F-BB7B-6106666106AF}.Stdio|Any CPU.Build.0 = Stdio|Any CPU
		{DD96831B-37B4-4B5F-B9FF-458E93FEFA6D}.Debug|Any CPU.ActiveCfg = Debug|Any CPU
		{DD96831B-37B4-4B5F-B9FF-458E93FEFA6D}.Debug|Any CPU.Build.0 = Debug|Any CPU
		{DD96831B-37B4-4B5F-B9FF-458E93FEFA6D}.Release|Any CPU.ActiveCfg = Release|Any CPU
		{DD96831B-37B4-4B5F-B9FF-458E93FEFA6D}.Release|Any CPU.Build.0 = Release|Any CPU
		{DD96831B-37B4-4B5F-B9FF-458E93FEFA6D}.SSE|Any CPU.ActiveCfg = SSE|Any CPU
		{DD96831B-37B4-4B5F-B9FF-458E93FEFA6D}.SSE|Any CPU.Build.0 = SSE|Any CPU
		{DD96831B-37B4-4B5F-B9FF-458E93FEFA6D}.Stdio|Any CPU.ActiveCfg = Stdio|Any CPU
		{DD96831B-37B4-4B5F-B9FF-458E93FEFA6D}.Stdio|Any CPU.Build.0 = Stdio|Any CPU
		{8995FD46-78E9-4A9C-8674-274A7CD6601A}.Debug|Any CPU.ActiveCfg = Debug|Any CPU
		{8995FD46-78E9-4A9C-8674-274A7CD6601A}.Debug|Any CPU.Build.0 = Debug|Any CPU
		{8995FD46-78E9-4A9C-8674-274A7CD6601A}.Release|Any CPU.ActiveCfg = Release|Any CPU
		{8995FD46-78E9-4A9C-8674-274A7CD6601A}.Release|Any CPU.Build.0 = Release|Any CPU
		{8995FD46-78E9-4A9C-8674-274A7CD6601A}.SSE|Any CPU.ActiveCfg = Debug|Any CPU
		{8995FD46-78E9-4A9C-8674-274A7CD6601A}.SSE|Any CPU.Build.0 = Debug|Any CPU
		{8995FD46-78E9-4A9C-8674-274A7CD6601A}.Stdio|Any CPU.ActiveCfg = Debug|Any CPU
		{8995FD46-78E9-4A9C-8674-274A7CD6601A}.Stdio|Any CPU.Build.0 = Debug|Any CPU
		{32E2D1D2-0944-5998-5DEF-385897C57074}.Debug|Any CPU.ActiveCfg = Debug|Any CPU
		{32E2D1D2-0944-5998-5DEF-385897C57074}.Debug|Any CPU.Build.0 = Debug|Any CPU
		{32E2D1D2-0944-5998-5DEF-385897C57074}.Release|Any CPU.ActiveCfg = Release|Any CPU
		{32E2D1D2-0944-5998-5DEF-385897C57074}.Release|Any CPU.Build.0 = Release|Any CPU
		{32E2D1D2-0944-5998-5DEF-385897C57074}.SSE|Any CPU.ActiveCfg = Debug|Any CPU
		{32E2D1D2-0944-5998-5DEF-385897C57074}.SSE|Any CPU.Build.0 = Debug|Any CPU
		{32E2D1D2-0944-5998-5DEF-385897C57074}.Stdio|Any CPU.ActiveCfg = Debug|Any CPU
		{32E2D1D2-0944-5998-5DEF-385897C57074}.Stdio|Any CPU.Build.0 = Debug|Any CPU
	EndGlobalSection
	GlobalSection(SolutionProperties) = preSolution
		HideSolutionNode = FALSE
	EndGlobalSection
	GlobalSection(NestedProjects) = preSolution
		{4ED63546-5BEE-D287-B292-8C77AFD120FF} = {02EA681E-C7D8-13C7-8484-4AC65E1B71E8}
		{89C686DF-C9F6-39DF-DAB1-5052455930FE} = {1CE6F158-3B19-4ACF-8A7B-38B57B409929}
		{97207750-6972-232F-BB7B-6106666106AF} = {98D7667E-4357-418F-B841-14DC22351DE0}
		{DD96831B-37B4-4B5F-B9FF-458E93FEFA6D} = {98D7667E-4357-418F-B841-14DC22351DE0}
		{8995FD46-78E9-4A9C-8674-274A7CD6601A} = {98D7667E-4357-418F-B841-14DC22351DE0}
		{32E2D1D2-0944-5998-5DEF-385897C57074} = {02EA681E-C7D8-13C7-8484-4AC65E1B71E8}
	EndGlobalSection
	GlobalSection(ExtensibilityGlobals) = postSolution
		SolutionGuid = {85634590-C217-47FC-8F70-F0782612F340}
	EndGlobalSection
EndGlobal
